椀挀爀漀堀瀀氀漀爀攀爀漀渀昀椀最甀爀愀琀椀漀渀猀攀琀琀椀渀最猀搀漀渀漀琀洀漀搀椀昀礀椀氀攀嘀攀爀猀椀漀渀倀伀最爀漀甀瀀攀搀礀爀漀甀瀀礀倀攀爀椀瀀栀攀爀愀氀猀攀攀瀀唀猀攀爀倀氀愀挀攀洀攀渀琀昀愀氀猀攀挀甀倀一匀吀アパート　吀挀甀愀洀椀氀礀匀吀アパート挀甀倀　一嘀挀甀倀刀挀甀倀匀夀匀挀甀倀一戀アパート挀甀一愀洀攀匀吀アパート　吀砀挀甀倀愀挀欀愀最攀儀倀挀甀倀椀渀　倀伀匀アパート开一挀甀倀椀渀倀伀匀アパート开伀唀吀挀甀倀椀渀倀　伀匀开一挀甀倀椀渀アパート倀伀匀开伀唀吀挀甀倀椀渀倀挀甀倀椀渀倀挀甀倀椀渀嘀倀开匀夀匀开嘀匀开一挀甀倀椀渀嘀倀开匀夀匀开嘀匀开匀礀猀琀椀挀欀挀甀倀椀渀猀一戀挀甀吀栀椀爀搀倀愀爀琀礀一戀　挀甀唀猀攀爀漀渀猀琀愀渀琀猀挀甀唀猀攀爀一愀洀攀匀吀アパート　吀砀砀甀戀攀嘀攀爀猀椀漀渀砀戀嘀攀爀猀椀漀渀　　一嘀甀猀愀甀氀琀开刀儀渀琀爀甀攀尀　尀　尀昀愀氀猀攀尀昀愀氀猀攀尀琀爀甀攀尀昀愀氀猀攀尀昀愀氀猀攀尀昀愀氀猀攀一嘀攀戀甀最漀渀椀琀漀爀开刀儀渀琀爀甀攀尀　尀　尀昀愀氀猀攀尀昀愀氀猀攀尀琀爀甀攀尀昀愀氀猀攀尀昀愀氀猀攀尀昀愀氀猀攀一嘀堀吀开刀儀渀琀爀甀攀尀尀　尀琀爀甀攀尀昀愀氀猀攀尀琀爀甀攀尀琀爀甀攀尀琀爀甀攀尀琀爀甀攀一嘀漀爀挀攀渀愀戀氀攀嘀攀挀琀漀爀琀爀甀攀一嘀愀爀搀愀甀氀琀开刀儀渀琀爀甀攀尀　尀　尀昀愀氀猀攀尀昀愀氀猀攀尀琀爀甀攀尀昀愀氀猀攀尀昀愀氀猀攀尀昀愀氀猀攀一嘀攀洀漀爀礀愀渀愀最攀洀攀渀琀开刀儀渀琀爀甀攀尀　尀　尀昀愀氀猀攀尀昀愀氀猀攀尀琀爀甀攀尀昀愀氀猀攀尀昀愀氀猀攀尀昀愀氀猀攀一嘀一漀渀愀猀欀愀戀氀攀渀琀开刀儀渀琀爀甀攀尀　尀　尀昀愀氀猀攀尀昀愀氀猀攀尀琀爀甀攀尀昀愀氀猀攀尀昀愀氀猀攀尀昀愀氀猀攀一嘀倀攀渀搀匀嘀开刀儀渀琀爀甀攀尀　尀　尀昀愀氀猀攀尀昀愀氀猀攀尀琀爀甀攀尀昀愀氀猀攀尀昀愀氀猀攀尀昀愀氀猀攀一嘀倀爀椀漀爀椀琀礀爀漀甀瀀一嘀开倀刀伀刀吀夀刀伀唀倀开一嘀匀嘀愀氀氀开刀儀渀琀爀甀攀尀　尀　尀昀愀氀猀攀尀昀愀氀猀攀尀琀爀甀攀尀昀愀氀猀攀尀昀愀氀猀攀尀昀愀氀猀攀一嘀匀礀猀吀椀挀欀开刀儀渀琀爀甀攀尀尀　尀琀爀甀攀尀昀愀氀猀攀尀琀爀甀攀尀昀愀氀猀攀尀琀爀甀攀尀昀愀氀猀攀一嘀唀猀愀最攀愀甀氀琀开刀儀渀琀爀甀攀尀　尀　尀昀愀氀猀攀尀昀愀氀猀攀尀琀爀甀攀尀昀愀氀猀攀尀昀愀氀猀攀尀昀愀氀猀攀倀倀伀倀愀爀愀洀攀琀攀爀猀倀伀开匀瀀攀攀搀倀倀伀开匀瀀攀攀搀倀伀开匀倀开刀儀开倀漀挀欀攀搀琀爀甀攀倀匀椀最渀愀氀倀伀开伀甀琀瀀甀琀倀倀伀倀愀爀愀洀攀琀攀爀猀倀伀开倀甀倀搀倀伀开漀搀攀攀昀愀甀氀琀堀吀倀倀伀开漀搀攀攀昀愀甀氀琀堀吀倀伀开伀开吀开刀匀一开一倀倀伀开倀甀倀搀倀伀开一伀倀唀倀漀挀欀攀搀琀爀甀攀倀匀椀最渀愀氀倀堀吀倀伀匀アパート开一漀搀攀匀砀琀攀爀渀愀氀伀猀挀椀氀氀愀琀漀爀倀伀匀アパート开一匀椀最渀愀氀刀开伀匀アパート开一倀伀匀アパート开伀唀吀漀搀攀匀砀琀攀爀渀愀氀伀猀挀椀氀氀愀琀漀爀倀伀匀アパート开伀唀吀匀椀最渀愀氀刀开伀匀アパート开伀唀吀倀　伀匀开一漀搀攀匀砀琀攀爀渀愀氀伀猀挀椀氀氀愀琀漀爀倀　伀匀开一匀椀最渀愀氀刀开伀匀开一倀伀匀开伀唀吀漀搀攀匀砀琀攀爀渀愀氀伀猀挀椀氀氀愀琀漀爀倀伀匀开伀唀吀匀椀最渀愀氀刀开伀匀开伀唀吀倀椀渀伀甀琀倀愀渀攀氀刀漀琀愀琀椀漀渀渀最氀攀　倀爀漀樀攀挀琀愀渀愀最攀爀猀欀漀爀椀最爀愀琀攀琀爀甀攀倀爀漀樀攀挀琀愀渀愀最攀爀愀挀欀甀瀀倀爀攀瘀椀漀甀猀昀愀氀猀攀倀爀漀樀攀挀琀愀渀愀最攀爀漀洀瀀椀氀攀爀伀瀀琀椀洀椀稀攀倀爀漀樀攀挀琀愀渀愀最攀爀漀洀瀀甀琀攀爀吀漀漀氀挀栀愀椀渀昀愀氀猀攀倀爀漀樀攀挀琀愀渀愀最攀爀漀甀瀀氀攀椀氀攀昀愀氀猀攀倀爀漀樀攀挀琀愀渀愀最攀爀甀猀琀漀洀攀爀椀爀洀眀愀爀攀倀愀挀欀愀最攀倀爀漀樀攀挀琀愀渀愀最攀爀攀昀愀甀氀琀圀漀挀愀琀椀漀渀琀爀甀攀倀爀漀樀攀挀琀愀渀愀最攀爀攀氀攀琀攀倀爀攀瘀椀漀甀猀琀爀甀攀倀爀漀樀攀挀琀愀渀愀最攀爀攀瘀椀挀攀搀匀吀アパート　吀砀倀爀漀樀攀挀琀愀渀愀最攀爀椀爀洀眀愀爀攀倀愀挀欀愀最攀匀吀アパート甀戀攀圀开嘀倀爀漀樀攀挀琀愀渀愀最攀爀爀攀攀倀椀渀猀昀愀氀猀攀倀爀漀樀攀挀琀愀渀愀最攀爀愀氀猀猀攀爀琀甀氀氀昀愀氀猀攀倀爀漀樀攀挀琀愀渀愀最攀爀攀愀瀀匀椀稀攀　砀　　倀爀漀樀攀挀琀愀渀愀最攀爀攀攀瀀唀猀攀爀漀搀攀琀爀甀攀倀爀漀樀攀挀琀愀渀愀最攀爀愀猀琀椀爀洀眀愀爀攀琀爀甀攀倀爀漀樀攀挀琀愀渀愀最攀爀椀戀爀愀爀礀漀瀀礀　倀爀漀樀攀挀琀愀渀愀最攀爀愀椀渀漀挀愀琀椀漀渀匀爀挀倀爀漀樀攀挀琀愀渀愀最攀爀一漀愀椀渀昀愀氀猀攀倀爀漀樀攀挀琀愀渀愀最攀爀倀爀攀瘀椀漀甀猀吀漀漀氀挀栀愀椀渀倀爀漀樀攀挀琀愀渀愀最攀爀倀爀漀樀攀挀琀甀椀氀搀昀愀氀猀攀倀爀漀樀攀挀琀愀渀愀最攀爀倀爀漀樀攀挀琀椀氀攀一愀洀攀氀攀搀椀漀挀倀爀漀樀攀挀琀愀渀愀最攀爀倀爀漀樀攀挀琀一愀洀攀氀攀搀倀爀漀樀攀挀琀愀渀愀最攀爀刀攀最椀猀琀攀爀愀氀氀愀挀欀倀爀漀樀攀挀琀愀渀愀最攀爀匀琀愀挀欀匀椀稀攀　砀　　倀爀漀樀攀挀琀愀渀愀最攀爀吀愀爀最攀琀吀漀漀氀挀栀愀椀渀刀嘀倀爀漀樀攀挀琀愀渀愀最攀爀吀漀漀氀栀愀椀渀漀挀愀琀椀漀渀倀爀漀樀攀挀琀愀渀愀最攀爀唀渀搀攀爀刀漀漀琀昀愀氀猀攀倀爀漀樀攀挀琀愀渀愀最攀爀昀甀渀挀琀椀漀渀氀椀猀琀猀漀爀琀匀礀猀琀攀洀氀漀挀欀开漀渀昀椀最刀昀愀氀猀攀昀愀氀猀攀堀开倀伀开渀椀琀倀伀昀愀氀猀攀琀爀甀攀刀倀爀攀焀开嘀愀氀甀攀　　　　　　刀倀爀攀焀开嘀愀氀甀攀　　　　　　刀愀洀椀氀礀一愀洀攀刀倀倀愀爀愀洀攀琀攀爀猀倀爀攀焀开嘀愀氀甀攀倀爀攀焀开嘀愀氀甀攀愀洀椀氀礀一愀洀攀倀爀攀焀开嘀愀氀甀攀倀伀爀攀焀开嘀愀氀甀攀吀椀洀匀礀猀爀攀焀开嘀愀氀甀攀刀倀爀攀焀开嘀愀氀甀攀　　　　　　刀倀伀爀攀焀开嘀愀氀甀攀　　　　　　刀吀椀洀匀礀猀爀攀焀开嘀愀氀甀攀　　　　　　匀倀堀吀　倀伀开堀吀匀倀堀吀漀渀昀一戀嘀倀开匀夀匀开嘀匀开一漀搀攀一漀开攀戀甀最嘀倀开匀夀匀开嘀匀开一匀椀最渀愀氀匀夀匀开嘀匀开一嘀倀开匀夀匀开嘀匀开匀礀猀琀椀挀欀漀搀攀匀礀猀吀椀挀欀嘀倀开匀夀匀开嘀匀开匀礀猀琀椀挀欀匀椀最渀愀氀匀夀匀开嘀匀开匀礀猀琀椀挀欀戀漀愀爀搀挀甀猀琀漀洀