<?xml version="1.0" encoding="utf-8"?>
<Project ToolsVersion="4.0" xmlns="http://schemas.microsoft.com/developer/msbuild/2003">
  <ItemGroup>
    <Filter Include="源文件">
      <UniqueIdentifier>{4FC737F1-C7A5-4376-A066-2A32D752A2FF}</UniqueIdentifier>
      <Extensions>cpp;c;cc;cxx;c++;cppm;ixx;def;odl;idl;hpj;bat;asm;asmx</Extensions>
    </Filter>
    <Filter Include="头文件">
      <UniqueIdentifier>{93995380-89BD-4b04-88EB-625FBE52EBFB}</UniqueIdentifier>
      <Extensions>h;hh;hpp;hxx;h++;hm;inl;inc;ipp;xsd</Extensions>
    </Filter>
    <Filter Include="资源文件">
      <UniqueIdentifier>{67DA6AB6-F800-4c08-8B7A-83BB121AAD01}</UniqueIdentifier>
      <Extensions>rc;ico;cur;bmp;dlg;rc2;rct;bin;rgs;gif;jpg;jpeg;jpe;resx;tiff;tif;png;wav;mfcribbon-ms</Extensions>
    </Filter>
  </ItemGroup>
  <ItemGroup>
    <ClCompile Include="Test.cpp">
      <Filter>源文件</Filter>
    </ClCompile>
    <ClCompile Include="charpter2.cpp">
      <Filter>源文件</Filter>
    </ClCompile>
    <ClCompile Include="charpter3.cpp">
      <Filter>源文件</Filter>
    </ClCompile>
    <ClCompile Include="charpter4.cpp">
      <Filter>源文件</Filter>
    </ClCompile>
    <ClCompile Include="charpter5.cpp">
      <Filter>源文件</Filter>
    </ClCompile>
    <ClCompile Include="charpter6.cpp">
      <Filter>源文件</Filter>
    </ClCompile>
    <ClCompile Include="charpter7.cpp">
      <Filter>源文件</Filter>
    </ClCompile>
    <ClCompile Include="Project1.cpp">
      <Filter>源文件</Filter>
    </ClCompile>
    <ClCompile Include="colorPick.cpp">
      <Filter>源文件</Filter>
    </ClCompile>
    <ClCompile Include="biecaibaikuaierDem.cpp">
      <Filter>源文件</Filter>
    </ClCompile>
    <ClCompile Include="视频对象检测.cpp">
      <Filter>源文件</Filter>
    </ClCompile>
    <ClCompile Include="图片对象检测.cpp">
      <Filter>源文件</Filter>
    </ClCompile>
    <ClCompile Include="单个图像识别.cpp">
      <Filter>源文件</Filter>
    </ClCompile>
    <ClCompile Include="人脸检测.cpp">
      <Filter>源文件</Filter>
    </ClCompile>
    <ClCompile Include="dlib特征点.cpp">
      <Filter>源文件</Filter>
    </ClCompile>
    <ClCompile Include="一代人脸识别.cpp">
      <Filter>源文件</Filter>
    </ClCompile>
    <ClCompile Include="二代人脸识别未完成版.cpp">
      <Filter>源文件</Filter>
    </ClCompile>
    <ClCompile Include="YOLOv3.cpp">
      <Filter>源文件</Filter>
    </ClCompile>
    <ClCompile Include="serdemo.cpp">
      <Filter>源文件</Filter>
    </ClCompile>
    <ClCompile Include="性别年龄.cpp">
      <Filter>源文件</Filter>
    </ClCompile>
    <ClCompile Include="人脸检测2.cpp">
      <Filter>源文件</Filter>
    </ClCompile>
    <ClCompile Include="YOLOv5.cpp">
      <Filter>源文件</Filter>
    </ClCompile>
    <ClCompile Include="源.cpp">
      <Filter>源文件</Filter>
    </ClCompile>
    <ClCompile Include="源1.cpp">
      <Filter>源文件</Filter>
    </ClCompile>
    <ClCompile Include="源2.cpp">
      <Filter>源文件</Filter>
    </ClCompile>
    <ClCompile Include="源3.cpp">
      <Filter>源文件</Filter>
    </ClCompile>
    <ClCompile Include="源4.cpp">
      <Filter>源文件</Filter>
    </ClCompile>
  </ItemGroup>
  <ItemGroup>
    <ClInclude Include="putTextCN.h">
      <Filter>头文件</Filter>
    </ClInclude>
    <ClInclude Include="Serial.h">
      <Filter>头文件</Filter>
    </ClInclude>
    <ClInclude Include="readport.h">
      <Filter>头文件</Filter>
    </ClInclude>
  </ItemGroup>
</Project>